
Microsoft Visual Studio Solution File, Format Version 12.00
# Visual Studio 15
VisualStudioVersion = 15.0.28307.1082
MinimumVisualStudioVersion = 10.0.40219.1
Project("{8BC9CEB8-8B4A-11D0-8D11-00A0C91BC942}") = "ForwardList", "ForwardList\ForwardList.vcxproj", "{B620C225-7ACA-4478-A306-F94795FC9FA8}"
EndProject
Project("{8BC9CEB8-8B4A-11D0-8D11-00A0C91BC942}") = "List2", "List2\List2.vcxproj", "{DF8E8658-8C40-4743-B67C-263C7248B861}"
EndProject
Project("{8BC9CEB8-8B4A-11D0-8D11-00A0C91BC942}") = "BinaryTree", "BinaryTree\BinaryTree.vcxproj", "{1CB5459E-9853-424B-A556-DAC08809BFDF}"
EndProject
Project("{8BC9CEB8-8B4A-11D0-8D11-00A0C91BC942}") = "Console", "Console\Console.vcxproj", "{84B2FBA9-EB30-4B39-BF01-B6097E7356EC}"
EndProject
Global
	GlobalSection(SolutionConfigurationPlatforms) = preSolution
		Debug|x64 = Debug|x64
		Debug|x86 = Debug|x86
		Release|x64 = Release|x64
		Release|x86 = Release|x86
	EndGlobalSection
	GlobalSection(ProjectConfigurationPlatforms) = postSolution
		{B620C225-7ACA-4478-A306-F94795FC9FA8}.Debug|x64.ActiveCfg = Debug|x64
		{B620C225-7ACA-4478-A306-F94795FC9FA8}.Debug|x64.Build.0 = Debug|x64
		{B620C225-7ACA-4478-A306-F94795FC9FA8}.Debug|x86.ActiveCfg = Debug|Win32
		{B620C225-7ACA-4478-A306-F94795FC9FA8}.Debug|x86.Build.0 = Debug|Win32
		{B620C225-7ACA-4478-A306-F94795FC9FA8}.Release|x64.ActiveCfg = Release|x64
		{B620C225-7ACA-4478-A306-F94795FC9FA8}.Release|x64.Build.0 = Release|x64
		{B620C225-7ACA-4478-A306-F94795FC9FA8}.Release|x86.ActiveCfg = Release|Win32
		{B620C225-7ACA-4478-A306-F94795FC9FA8}.Release|x86.Build.0 = Release|Win32
		{DF8E8658-8C40-4743-B67C-263C7248B861}.Debug|x64.ActiveCfg = Debug|x64
		{DF8E8658-8C40-4743-B67C-263C7248B861}.Debug|x64.Build.0 = Debug|x64
		{DF8E8658-8C40-4743-B67C-263C7248B861}.Debug|x86.ActiveCfg = Debug|Win32
		{DF8E8658-8C40-4743-B67C-263C7248B861}.Debug|x86.Build.0 = Debug|Win32
		{DF8E8658-8C40-4743-B67C-263C7248B861}.Release|x64.ActiveCfg = Release|x64
		{DF8E8658-8C40-4743-B67C-263C7248B861}.Release|x64.Build.0 = Release|x64
		{DF8E8658-8C40-4743-B67C-263C7248B861}.Release|x86.ActiveCfg = Release|Win32
		{DF8E8658-8C40-4743-B67C-263C7248B861}.Release|x86.Build.0 = Release|Win32
		{1CB5459E-9853-424B-A556-DAC08809BFDF}.Debug|x64.ActiveCfg = Debug|x64
		{1CB5459E-9853-424B-A556-DAC08809BFDF}.Debug|x64.Build.0 = Debug|x64
		{1CB5459E-9853-424B-A556-DAC08809BFDF}.Debug|x86.ActiveCfg = Debug|Win32
		{1CB5459E-9853-424B-A556-DAC08809BFDF}.Debug|x86.Build.0 = Debug|Win32
		{1CB5459E-9853-424B-A556-DAC08809BFDF}.Release|x64.ActiveCfg = Release|x64
		{1CB5459E-9853-424B-A556-DAC08809BFDF}.Release|x64.Build.0 = Release|x64
		{1CB5459E-9853-424B-A556-DAC08809BFDF}.Release|x86.ActiveCfg = Release|Win32
		{1CB5459E-9853-424B-A556-DAC08809BFDF}.Release|x86.Build.0 = Release|Win32
		{84B2FBA9-EB30-4B39-BF01-B6097E7356EC}.Debug|x64.ActiveCfg = Debug|x64
		{84B2FBA9-EB30-4B39-BF01-B6097E7356EC}.Debug|x64.Build.0 = Debug|x64
		{84B2FBA9-EB30-4B39-BF01-B6097E7356EC}.Debug|x86.ActiveCfg = Debug|Win32
		{84B2FBA9-EB30-4B39-BF01-B6097E7356EC}.Debug|x86.Build.0 = Debug|Win32
		{84B2FBA9-EB30-4B39-BF01-B6097E7356EC}.Release|x64.ActiveCfg = Release|x64
		{84B2FBA9-EB30-4B39-BF01-B6097E7356EC}.Release|x64.Build.0 = Release|x64
		{84B2FBA9-EB30-4B39-BF01-B6097E7356EC}.Release|x86.ActiveCfg = Release|Win32
		{84B2FBA9-EB30-4B39-BF01-B6097E7356EC}.Release|x86.Build.0 = Release|Win32
	EndGlobalSection
	GlobalSection(SolutionProperties) = preSolution
		HideSolutionNode = FALSE
	EndGlobalSection
	GlobalSection(ExtensibilityGlobals) = postSolution
		SolutionGuid = {FA3897F9-1EDF-4DD7-9227-7152C4AB4382}
	EndGlobalSection
EndGlobal
