
Microsoft Visual Studio Solution File, Format Version 12.00
# Visual Studio 15
VisualStudioVersion = 15.0.28307.1082
MinimumVisualStudioVersion = 10.0.40219.1
Project("{8BC9CEB8-8B4A-11D0-8D11-00A0C91BC942}") = "IntroductionToOOP", "IntroductionToOOP\IntroductionToOOP.vcxproj", "{1A121047-86F4-4D8A-8BA7-88AD91549FFF}"
EndProject
Project("{8BC9CEB8-8B4A-11D0-8D11-00A0C91BC942}") = "HomeWork", "HomeWork\HomeWork.vcxproj", "{EDBCFE8C-EF70-44CD-92DF-F781F8C0EDA0}"
EndProject
Project("{8BC9CEB8-8B4A-11D0-8D11-00A0C91BC942}") = "Fraction", "Fraction\Fraction.vcxproj", "{F0A0C28C-9D91-4219-9C46-B5B2368E853C}"
EndProject
Project("{8BC9CEB8-8B4A-11D0-8D11-00A0C91BC942}") = "String", "String\String.vcxproj", "{2968979D-C7DE-487C-87CD-BA899415B384}"
EndProject
Project("{8BC9CEB8-8B4A-11D0-8D11-00A0C91BC942}") = "Matrix", "Matrix\Matrix.vcxproj", "{B552AC7F-CB54-4C8A-887B-5A0DCB0DF26F}"
EndProject
Global
	GlobalSection(SolutionConfigurationPlatforms) = preSolution
		Debug|x64 = Debug|x64
		Debug|x86 = Debug|x86
		Release|x64 = Release|x64
		Release|x86 = Release|x86
	EndGlobalSection
	GlobalSection(ProjectConfigurationPlatforms) = postSolution
		{1A121047-86F4-4D8A-8BA7-88AD91549FFF}.Debug|x64.ActiveCfg = Debug|x64
		{1A121047-86F4-4D8A-8BA7-88AD91549FFF}.Debug|x64.Build.0 = Debug|x64
		{1A121047-86F4-4D8A-8BA7-88AD91549FFF}.Debug|x86.ActiveCfg = Debug|Win32
		{1A121047-86F4-4D8A-8BA7-88AD91549FFF}.Debug|x86.Build.0 = Debug|Win32
		{1A121047-86F4-4D8A-8BA7-88AD91549FFF}.Release|x64.ActiveCfg = Release|x64
		{1A121047-86F4-4D8A-8BA7-88AD91549FFF}.Release|x64.Build.0 = Release|x64
		{1A121047-86F4-4D8A-8BA7-88AD91549FFF}.Release|x86.ActiveCfg = Release|Win32
		{1A121047-86F4-4D8A-8BA7-88AD91549FFF}.Release|x86.Build.0 = Release|Win32
		{EDBCFE8C-EF70-44CD-92DF-F781F8C0EDA0}.Debug|x64.ActiveCfg = Debug|x64
		{EDBCFE8C-EF70-44CD-92DF-F781F8C0EDA0}.Debug|x64.Build.0 = Debug|x64
		{EDBCFE8C-EF70-44CD-92DF-F781F8C0EDA0}.Debug|x86.ActiveCfg = Debug|Win32
		{EDBCFE8C-EF70-44CD-92DF-F781F8C0EDA0}.Debug|x86.Build.0 = Debug|Win32
		{EDBCFE8C-EF70-44CD-92DF-F781F8C0EDA0}.Release|x64.ActiveCfg = Release|x64
		{EDBCFE8C-EF70-44CD-92DF-F781F8C0EDA0}.Release|x64.Build.0 = Release|x64
		{EDBCFE8C-EF70-44CD-92DF-F781F8C0EDA0}.Release|x86.ActiveCfg = Release|Win32
		{EDBCFE8C-EF70-44CD-92DF-F781F8C0EDA0}.Release|x86.Build.0 = Release|Win32
		{F0A0C28C-9D91-4219-9C46-B5B2368E853C}.Debug|x64.ActiveCfg = Debug|x64
		{F0A0C28C-9D91-4219-9C46-B5B2368E853C}.Debug|x64.Build.0 = Debug|x64
		{F0A0C28C-9D91-4219-9C46-B5B2368E853C}.Debug|x86.ActiveCfg = Debug|Win32
		{F0A0C28C-9D91-4219-9C46-B5B2368E853C}.Debug|x86.Build.0 = Debug|Win32
		{F0A0C28C-9D91-4219-9C46-B5B2368E853C}.Release|x64.ActiveCfg = Release|x64
		{F0A0C28C-9D91-4219-9C46-B5B2368E853C}.Release|x64.Build.0 = Release|x64
		{F0A0C28C-9D91-4219-9C46-B5B2368E853C}.Release|x86.ActiveCfg = Release|Win32
		{F0A0C28C-9D91-4219-9C46-B5B2368E853C}.Release|x86.Build.0 = Release|Win32
		{2968979D-C7DE-487C-87CD-BA899415B384}.Debug|x64.ActiveCfg = Debug|x64
		{2968979D-C7DE-487C-87CD-BA899415B384}.Debug|x64.Build.0 = Debug|x64
		{2968979D-C7DE-487C-87CD-BA899415B384}.Debug|x86.ActiveCfg = Debug|Win32
		{2968979D-C7DE-487C-87CD-BA899415B384}.Debug|x86.Build.0 = Debug|Win32
		{2968979D-C7DE-487C-87CD-BA899415B384}.Release|x64.ActiveCfg = Release|x64
		{2968979D-C7DE-487C-87CD-BA899415B384}.Release|x64.Build.0 = Release|x64
		{2968979D-C7DE-487C-87CD-BA899415B384}.Release|x86.ActiveCfg = Release|Win32
		{2968979D-C7DE-487C-87CD-BA899415B384}.Release|x86.Build.0 = Release|Win32
		{B552AC7F-CB54-4C8A-887B-5A0DCB0DF26F}.Debug|x64.ActiveCfg = Debug|x64
		{B552AC7F-CB54-4C8A-887B-5A0DCB0DF26F}.Debug|x64.Build.0 = Debug|x64
		{B552AC7F-CB54-4C8A-887B-5A0DCB0DF26F}.Debug|x86.ActiveCfg = Debug|Win32
		{B552AC7F-CB54-4C8A-887B-5A0DCB0DF26F}.Debug|x86.Build.0 = Debug|Win32
		{B552AC7F-CB54-4C8A-887B-5A0DCB0DF26F}.Release|x64.ActiveCfg = Release|x64
		{B552AC7F-CB54-4C8A-887B-5A0DCB0DF26F}.Release|x64.Build.0 = Release|x64
		{B552AC7F-CB54-4C8A-887B-5A0DCB0DF26F}.Release|x86.ActiveCfg = Release|Win32
		{B552AC7F-CB54-4C8A-887B-5A0DCB0DF26F}.Release|x86.Build.0 = Release|Win32
	EndGlobalSection
	GlobalSection(SolutionProperties) = preSolution
		HideSolutionNode = FALSE
	EndGlobalSection
	GlobalSection(ExtensibilityGlobals) = postSolution
		SolutionGuid = {3D11F08D-2180-4010-BB50-0A936A898054}
	EndGlobalSection
EndGlobal
