
Microsoft Visual Studio Solution File, Format Version 12.00
# Visual Studio 15
VisualStudioVersion = 15.0.28307.1082
MinimumVisualStudioVersion = 10.0.40219.1
Project("{8BC9CEB8-8B4A-11D0-8D11-00A0C91BC942}") = "Inheritance", "Inheritance\Inheritance.vcxproj", "{289B2801-FB65-41BD-B1B1-169B875D6BE8}"
EndProject
Project("{8BC9CEB8-8B4A-11D0-8D11-00A0C91BC942}") = "Academy", "Academy\Academy.vcxproj", "{4C1B4737-41EA-4B07-8741-135E9B02DE0C}"
EndProject
Project("{8BC9CEB8-8B4A-11D0-8D11-00A0C91BC942}") = "Files", "Files\Files.vcxproj", "{62DEC7CC-4DB6-4905-BA1C-8DA3F55F54ED}"
EndProject
Project("{8BC9CEB8-8B4A-11D0-8D11-00A0C91BC942}") = "Restaurant", "Restaurant\Restaurant.vcxproj", "{F11165D1-0AA0-46AF-9108-0DB427633B16}"
EndProject
Project("{8BC9CEB8-8B4A-11D0-8D11-00A0C91BC942}") = "AbstractBaseClass", "AbstractBaseClass\AbstractBaseClass.vcxproj", "{8493CE30-202B-4865-8D73-190808998AA3}"
EndProject
Global
	GlobalSection(SolutionConfigurationPlatforms) = preSolution
		Debug|x64 = Debug|x64
		Debug|x86 = Debug|x86
		Release|x64 = Release|x64
		Release|x86 = Release|x86
	EndGlobalSection
	GlobalSection(ProjectConfigurationPlatforms) = postSolution
		{289B2801-FB65-41BD-B1B1-169B875D6BE8}.Debug|x64.ActiveCfg = Debug|x64
		{289B2801-FB65-41BD-B1B1-169B875D6BE8}.Debug|x64.Build.0 = Debug|x64
		{289B2801-FB65-41BD-B1B1-169B875D6BE8}.Debug|x86.ActiveCfg = Debug|Win32
		{289B2801-FB65-41BD-B1B1-169B875D6BE8}.Debug|x86.Build.0 = Debug|Win32
		{289B2801-FB65-41BD-B1B1-169B875D6BE8}.Release|x64.ActiveCfg = Release|x64
		{289B2801-FB65-41BD-B1B1-169B875D6BE8}.Release|x64.Build.0 = Release|x64
		{289B2801-FB65-41BD-B1B1-169B875D6BE8}.Release|x86.ActiveCfg = Release|Win32
		{289B2801-FB65-41BD-B1B1-169B875D6BE8}.Release|x86.Build.0 = Release|Win32
		{4C1B4737-41EA-4B07-8741-135E9B02DE0C}.Debug|x64.ActiveCfg = Debug|x64
		{4C1B4737-41EA-4B07-8741-135E9B02DE0C}.Debug|x64.Build.0 = Debug|x64
		{4C1B4737-41EA-4B07-8741-135E9B02DE0C}.Debug|x86.ActiveCfg = Debug|Win32
		{4C1B4737-41EA-4B07-8741-135E9B02DE0C}.Debug|x86.Build.0 = Debug|Win32
		{4C1B4737-41EA-4B07-8741-135E9B02DE0C}.Release|x64.ActiveCfg = Release|x64
		{4C1B4737-41EA-4B07-8741-135E9B02DE0C}.Release|x64.Build.0 = Release|x64
		{4C1B4737-41EA-4B07-8741-135E9B02DE0C}.Release|x86.ActiveCfg = Release|Win32
		{4C1B4737-41EA-4B07-8741-135E9B02DE0C}.Release|x86.Build.0 = Release|Win32
		{62DEC7CC-4DB6-4905-BA1C-8DA3F55F54ED}.Debug|x64.ActiveCfg = Debug|x64
		{62DEC7CC-4DB6-4905-BA1C-8DA3F55F54ED}.Debug|x64.Build.0 = Debug|x64
		{62DEC7CC-4DB6-4905-BA1C-8DA3F55F54ED}.Debug|x86.ActiveCfg = Debug|Win32
		{62DEC7CC-4DB6-4905-BA1C-8DA3F55F54ED}.Debug|x86.Build.0 = Debug|Win32
		{62DEC7CC-4DB6-4905-BA1C-8DA3F55F54ED}.Release|x64.ActiveCfg = Release|x64
		{62DEC7CC-4DB6-4905-BA1C-8DA3F55F54ED}.Release|x64.Build.0 = Release|x64
		{62DEC7CC-4DB6-4905-BA1C-8DA3F55F54ED}.Release|x86.ActiveCfg = Release|Win32
		{62DEC7CC-4DB6-4905-BA1C-8DA3F55F54ED}.Release|x86.Build.0 = Release|Win32
		{F11165D1-0AA0-46AF-9108-0DB427633B16}.Debug|x64.ActiveCfg = Debug|x64
		{F11165D1-0AA0-46AF-9108-0DB427633B16}.Debug|x64.Build.0 = Debug|x64
		{F11165D1-0AA0-46AF-9108-0DB427633B16}.Debug|x86.ActiveCfg = Debug|Win32
		{F11165D1-0AA0-46AF-9108-0DB427633B16}.Debug|x86.Build.0 = Debug|Win32
		{F11165D1-0AA0-46AF-9108-0DB427633B16}.Release|x64.ActiveCfg = Release|x64
		{F11165D1-0AA0-46AF-9108-0DB427633B16}.Release|x64.Build.0 = Release|x64
		{F11165D1-0AA0-46AF-9108-0DB427633B16}.Release|x86.ActiveCfg = Release|Win32
		{F11165D1-0AA0-46AF-9108-0DB427633B16}.Release|x86.Build.0 = Release|Win32
		{8493CE30-202B-4865-8D73-190808998AA3}.Debug|x64.ActiveCfg = Debug|x64
		{8493CE30-202B-4865-8D73-190808998AA3}.Debug|x64.Build.0 = Debug|x64
		{8493CE30-202B-4865-8D73-190808998AA3}.Debug|x86.ActiveCfg = Debug|Win32
		{8493CE30-202B-4865-8D73-190808998AA3}.Debug|x86.Build.0 = Debug|Win32
		{8493CE30-202B-4865-8D73-190808998AA3}.Release|x64.ActiveCfg = Release|x64
		{8493CE30-202B-4865-8D73-190808998AA3}.Release|x64.Build.0 = Release|x64
		{8493CE30-202B-4865-8D73-190808998AA3}.Release|x86.ActiveCfg = Release|Win32
		{8493CE30-202B-4865-8D73-190808998AA3}.Release|x86.Build.0 = Release|Win32
	EndGlobalSection
	GlobalSection(SolutionProperties) = preSolution
		HideSolutionNode = FALSE
	EndGlobalSection
	GlobalSection(ExtensibilityGlobals) = postSolution
		SolutionGuid = {72DA0F8A-522F-466A-83D2-CB4F31B86903}
	EndGlobalSection
EndGlobal
