
Microsoft Visual Studio Solution File, Format Version 12.00
# Visual Studio 15
VisualStudioVersion = 15.0.28307.1082
MinimumVisualStudioVersion = 10.0.40219.1
Project("{8BC9CEB8-8B4A-11D0-8D11-00A0C91BC942}") = "STL", "STL\STL.vcxproj", "{159A776A-6C14-40E4-9EE0-A14E82E57115}"
EndProject
Project("{8BC9CEB8-8B4A-11D0-8D11-00A0C91BC942}") = "AssociativeContainers", "AssociativeContainers\AssociativeContainers.vcxproj", "{69EFDAFC-B177-488E-A1C7-D6D0D504D13E}"
EndProject
Project("{8BC9CEB8-8B4A-11D0-8D11-00A0C91BC942}") = "Police", "Police\Police.vcxproj", "{D718710A-47F2-4077-A3E4-8928888FF800}"
EndProject
Global
	GlobalSection(SolutionConfigurationPlatforms) = preSolution
		Debug|x64 = Debug|x64
		Debug|x86 = Debug|x86
		Release|x64 = Release|x64
		Release|x86 = Release|x86
	EndGlobalSection
	GlobalSection(ProjectConfigurationPlatforms) = postSolution
		{159A776A-6C14-40E4-9EE0-A14E82E57115}.Debug|x64.ActiveCfg = Debug|x64
		{159A776A-6C14-40E4-9EE0-A14E82E57115}.Debug|x64.Build.0 = Debug|x64
		{159A776A-6C14-40E4-9EE0-A14E82E57115}.Debug|x86.ActiveCfg = Debug|Win32
		{159A776A-6C14-40E4-9EE0-A14E82E57115}.Debug|x86.Build.0 = Debug|Win32
		{159A776A-6C14-40E4-9EE0-A14E82E57115}.Release|x64.ActiveCfg = Release|x64
		{159A776A-6C14-40E4-9EE0-A14E82E57115}.Release|x64.Build.0 = Release|x64
		{159A776A-6C14-40E4-9EE0-A14E82E57115}.Release|x86.ActiveCfg = Release|Win32
		{159A776A-6C14-40E4-9EE0-A14E82E57115}.Release|x86.Build.0 = Release|Win32
		{69EFDAFC-B177-488E-A1C7-D6D0D504D13E}.Debug|x64.ActiveCfg = Debug|x64
		{69EFDAFC-B177-488E-A1C7-D6D0D504D13E}.Debug|x64.Build.0 = Debug|x64
		{69EFDAFC-B177-488E-A1C7-D6D0D504D13E}.Debug|x86.ActiveCfg = Debug|Win32
		{69EFDAFC-B177-488E-A1C7-D6D0D504D13E}.Debug|x86.Build.0 = Debug|Win32
		{69EFDAFC-B177-488E-A1C7-D6D0D504D13E}.Release|x64.ActiveCfg = Release|x64
		{69EFDAFC-B177-488E-A1C7-D6D0D504D13E}.Release|x64.Build.0 = Release|x64
		{69EFDAFC-B177-488E-A1C7-D6D0D504D13E}.Release|x86.ActiveCfg = Release|Win32
		{69EFDAFC-B177-488E-A1C7-D6D0D504D13E}.Release|x86.Build.0 = Release|Win32
		{D718710A-47F2-4077-A3E4-8928888FF800}.Debug|x64.ActiveCfg = Debug|x64
		{D718710A-47F2-4077-A3E4-8928888FF800}.Debug|x64.Build.0 = Debug|x64
		{D718710A-47F2-4077-A3E4-8928888FF800}.Debug|x86.ActiveCfg = Debug|Win32
		{D718710A-47F2-4077-A3E4-8928888FF800}.Debug|x86.Build.0 = Debug|Win32
		{D718710A-47F2-4077-A3E4-8928888FF800}.Release|x64.ActiveCfg = Release|x64
		{D718710A-47F2-4077-A3E4-8928888FF800}.Release|x64.Build.0 = Release|x64
		{D718710A-47F2-4077-A3E4-8928888FF800}.Release|x86.ActiveCfg = Release|Win32
		{D718710A-47F2-4077-A3E4-8928888FF800}.Release|x86.Build.0 = Release|Win32
	EndGlobalSection
	GlobalSection(SolutionProperties) = preSolution
		HideSolutionNode = FALSE
	EndGlobalSection
	GlobalSection(ExtensibilityGlobals) = postSolution
		SolutionGuid = {70D25CBB-7180-4A1D-83E8-4827B53A16AB}
	EndGlobalSection
EndGlobal
